
Microsoft Visual Studio Solution File, Format Version 12.00
# Visual Studio 14
VisualStudioVersion = 14.0.23107.0
MinimumVisualStudioVersion = 10.0.40219.1
Project("{FAE04EC0-301F-11D3-BF4B-00C04F79EFBC}") = "Heurigenkalender.Webservice", "Heurigenkalender.Webservice\Heurigenkalender.Webservice.csproj", "{B8F33D00-C7CD-4E72-B431-02C4227ECAEE}"
EndProject
Project("{FAE04EC0-301F-11D3-BF4B-00C04F79EFBC}") = "Heurigenkalender.Webservice.Shared", "Heurigenkalender.Webservice.Shared\Heurigenkalender.Webservice.Shared.csproj", "{91171366-7F11-4C7A-840D-2B6E8628CC6E}"
EndProject
Project("{FAE04EC0-301F-11D3-BF4B-00C04F79EFBC}") = "Heurigenkalender.DataAccess.Shared", "Heurigenkalender.DataAccess.Shared\Heurigenkalender.DataAccess.Shared.csproj", "{3AE755E4-93E0-4AEB-B654-2D161530AC87}"
EndProject
Project("{FAE04EC0-301F-11D3-BF4B-00C04F79EFBC}") = "Heurigenkalender.DataAccessMySQL", "Heurigenkalender.DataAccessMySQL\Heurigenkalender.DataAccessMySQL.csproj", "{D0E9834C-F94B-4145-8C20-1627E380F182}"
EndProject
Project("{FAE04EC0-301F-11D3-BF4B-00C04F79EFBC}") = "Heurigenkalender.Common.Shared", "Heurigenkalender.Common.Shared\Heurigenkalender.Common.Shared.csproj", "{9C9A05AA-D407-4539-8DEF-70273F3A7CE0}"
EndProject
Project("{FAE04EC0-301F-11D3-BF4B-00C04F79EFBC}") = "Heurigenkalender.DataAccess.Test", "Heurigenkalender.DataAccess.Test\Heurigenkalender.DataAccess.Test.csproj", "{4B7EC3D9-77E0-4464-8194-33F7CF9D6BE0}"
EndProject
Global
	GlobalSection(SolutionConfigurationPlatforms) = preSolution
		Debug|Any CPU = Debug|Any CPU
		Release|Any CPU = Release|Any CPU
	EndGlobalSection
	GlobalSection(ProjectConfigurationPlatforms) = postSolution
		{B8F33D00-C7CD-4E72-B431-02C4227ECAEE}.Debug|Any CPU.ActiveCfg = Debug|Any CPU
		{B8F33D00-C7CD-4E72-B431-02C4227ECAEE}.Debug|Any CPU.Build.0 = Debug|Any CPU
		{B8F33D00-C7CD-4E72-B431-02C4227ECAEE}.Release|Any CPU.ActiveCfg = Release|Any CPU
		{B8F33D00-C7CD-4E72-B431-02C4227ECAEE}.Release|Any CPU.Build.0 = Release|Any CPU
		{91171366-7F11-4C7A-840D-2B6E8628CC6E}.Debug|Any CPU.ActiveCfg = Debug|Any CPU
		{91171366-7F11-4C7A-840D-2B6E8628CC6E}.Debug|Any CPU.Build.0 = Debug|Any CPU
		{91171366-7F11-4C7A-840D-2B6E8628CC6E}.Release|Any CPU.ActiveCfg = Release|Any CPU
		{91171366-7F11-4C7A-840D-2B6E8628CC6E}.Release|Any CPU.Build.0 = Release|Any CPU
		{3AE755E4-93E0-4AEB-B654-2D161530AC87}.Debug|Any CPU.ActiveCfg = Debug|Any CPU
		{3AE755E4-93E0-4AEB-B654-2D161530AC87}.Debug|Any CPU.Build.0 = Debug|Any CPU
		{3AE755E4-93E0-4AEB-B654-2D161530AC87}.Release|Any CPU.ActiveCfg = Release|Any CPU
		{3AE755E4-93E0-4AEB-B654-2D161530AC87}.Release|Any CPU.Build.0 = Release|Any CPU
		{D0E9834C-F94B-4145-8C20-1627E380F182}.Debug|Any CPU.ActiveCfg = Debug|Any CPU
		{D0E9834C-F94B-4145-8C20-1627E380F182}.Debug|Any CPU.Build.0 = Debug|Any CPU
		{D0E9834C-F94B-4145-8C20-1627E380F182}.Release|Any CPU.ActiveCfg = Release|Any CPU
		{D0E9834C-F94B-4145-8C20-1627E380F182}.Release|Any CPU.Build.0 = Release|Any CPU
		{9C9A05AA-D407-4539-8DEF-70273F3A7CE0}.Debug|Any CPU.ActiveCfg = Debug|Any CPU
		{9C9A05AA-D407-4539-8DEF-70273F3A7CE0}.Debug|Any CPU.Build.0 = Debug|Any CPU
		{9C9A05AA-D407-4539-8DEF-70273F3A7CE0}.Release|Any CPU.ActiveCfg = Release|Any CPU
		{9C9A05AA-D407-4539-8DEF-70273F3A7CE0}.Release|Any CPU.Build.0 = Release|Any CPU
		{4B7EC3D9-77E0-4464-8194-33F7CF9D6BE0}.Debug|Any CPU.ActiveCfg = Debug|Any CPU
		{4B7EC3D9-77E0-4464-8194-33F7CF9D6BE0}.Debug|Any CPU.Build.0 = Debug|Any CPU
		{4B7EC3D9-77E0-4464-8194-33F7CF9D6BE0}.Release|Any CPU.ActiveCfg = Release|Any CPU
		{4B7EC3D9-77E0-4464-8194-33F7CF9D6BE0}.Release|Any CPU.Build.0 = Release|Any CPU
	EndGlobalSection
	GlobalSection(SolutionProperties) = preSolution
		HideSolutionNode = FALSE
	EndGlobalSection
EndGlobal
